// !$*UTF8*$!
{
	archiveVersion = 1;
	classes = {
	};
	objectVersion = 77;
	objects = {

/* Begin PBXBuildFile section */
		0533875D8E30B78E60ED6042 /* HelperProtocol.swift in Sources */ = {isa = PBXBuildFile; fileRef = 8AD9EE334FC6F2F2BD210DBF /* HelperProtocol.swift */; };
		0742D871FA4FBDEB8BCB3414 /* Localizable.xcstrings in Resources */ = {isa = PBXBuildFile; fileRef = EBD0D7FA3D945D80856FFCBC /* Localizable.xcstrings */; };
		08248B73238F633098030ADB /* DiagnosticsView.swift in Sources */ = {isa = PBXBuildFile; fileRef = F13A384F61657E130939E410 /* DiagnosticsView.swift */; };
		121D6EB86AEF85FC220636DB /* SecureRuntime.swift in Sources */ = {isa = PBXBuildFile; fileRef = 408CCA4C962B1D4D058C45DC /* SecureRuntime.swift */; };
		1FA974DE13D74CB5B6D9DF78 /* SigningIdentity.swift in Sources */ = {isa = PBXBuildFile; fileRef = CAE9575347658BECD622D152 /* SigningIdentity.swift */; };
		2066D46730D30CD3B9534BFC /* AuthenticationCoordinator.swift in Sources */ = {isa = PBXBuildFile; fileRef = 80B148EF85858CCBEB36804A /* AuthenticationCoordinator.swift */; };
		230D8730B1E72A8C2E25329C /* ConnectionModel.swift in Sources */ = {isa = PBXBuildFile; fileRef = DCC0352654DF91C519F0CB44 /* ConnectionModel.swift */; };
		2BCA0B0C704D51201EEDA9D0 /* PrivacyInfo.xcprivacy in Resources */ = {isa = PBXBuildFile; fileRef = 80E2B0DA154DAFEE716E4786 /* PrivacyInfo.xcprivacy */; };
		3315FDEFF5CEC832DC9DDDD9 /* ConnectionPanel.swift in Sources */ = {isa = PBXBuildFile; fileRef = B3803294312E076C9820CC55 /* ConnectionPanel.swift */; };
		341C2D686FAF55031125C119 /* ConnectionPreferences.swift in Sources */ = {isa = PBXBuildFile; fileRef = C89E38348711A067D3151B59 /* ConnectionPreferences.swift */; };
		36BA6CBC14AEA5A9F98CF002 /* SignInView.swift in Sources */ = {isa = PBXBuildFile; fileRef = 4DDB7AAAEB1D9F27EF6168AD /* SignInView.swift */; };
		3A8F14D276B1C17EAA73B4C7 /* NetworkSession.swift in Sources */ = {isa = PBXBuildFile; fileRef = D9A0F6C964653C81035DA4A0 /* NetworkSession.swift */; };
		3AD8BDDE75D74D8EDC1F9AD1 /* GPClientHelper in Embed Dependencies */ = {isa = PBXBuildFile; fileRef = 4BABCEC08348B36BCE54745D /* GPClientHelper */; settings = {ATTRIBUTES = (CodeSignOnCopy, RemoveHeadersOnCopy, ); }; };
		3AF75170AAA03161062782D6 /* PortalAddress.swift in Sources */ = {isa = PBXBuildFile; fileRef = D05F97771EE4EB0F9FE81BFF /* PortalAddress.swift */; };
		4CF154F407CAD821050B0EC5 /* PortalAddress.swift in Sources */ = {isa = PBXBuildFile; fileRef = D05F97771EE4EB0F9FE81BFF /* PortalAddress.swift */; };
		5A516C3A6A68AF8A9A68A50B /* EngineMessages.swift in Sources */ = {isa = PBXBuildFile; fileRef = D080E43C5CED9BACE170035C /* EngineMessages.swift */; };
		5FAA15F83FC5B863859B5940 /* GPClientApp.swift in Sources */ = {isa = PBXBuildFile; fileRef = 03B5B49D769E8C1838D5DAD0 /* GPClientApp.swift */; };
		696CDF624757AD356D8FF6D8 /* SessionController.swift in Sources */ = {isa = PBXBuildFile; fileRef = 203B2F7A2A45018DA1A5D456 /* SessionController.swift */; };
		7C932B6ED6D681B255079661 /* HelperProtocol.swift in Sources */ = {isa = PBXBuildFile; fileRef = 8AD9EE334FC6F2F2BD210DBF /* HelperProtocol.swift */; };
		7EAC62C28517C7308A4F563C /* ConnectionSettings.swift in Sources */ = {isa = PBXBuildFile; fileRef = 968C5DF8AF531223EAAB9401 /* ConnectionSettings.swift */; };
		A587594068DBC173DB2145A0 /* MenuBarStatusIcon.swift in Sources */ = {isa = PBXBuildFile; fileRef = F3202F43D4AE5D98A572351E /* MenuBarStatusIcon.swift */; };
		AD55019244707F0BCD44DDA5 /* HelperMain.swift in Sources */ = {isa = PBXBuildFile; fileRef = DC4C41654E383863A19A1538 /* HelperMain.swift */; };
		B82CA0E6207F15310C09A59D /* ConnectionPath.swift in Sources */ = {isa = PBXBuildFile; fileRef = 2885CBCF660525742BDD048B /* ConnectionPath.swift */; };
		C062076D6C6A575E8661FAD4 /* EngineMessages.swift in Sources */ = {isa = PBXBuildFile; fileRef = D080E43C5CED9BACE170035C /* EngineMessages.swift */; };
		EDA982257DB91839414811BF /* com.beelte.gpclient.helper.plist in CopyFiles */ = {isa = PBXBuildFile; fileRef = 16EFE3492477F91F1A0B0A89 /* com.beelte.gpclient.helper.plist */; };
		EDE5D40CBABB08F75F6C5185 /* HelperClient.swift in Sources */ = {isa = PBXBuildFile; fileRef = 60A9AF06A168590992DB32D7 /* HelperClient.swift */; };
		EE600ABD8DC811F3950A5CC9 /* Assets.xcassets in Resources */ = {isa = PBXBuildFile; fileRef = 455433C232A6812FCFF3F4B6 /* Assets.xcassets */; };
		FD3BB1EF27BEF001784A5C3C /* SigningIdentity.swift in Sources */ = {isa = PBXBuildFile; fileRef = CAE9575347658BECD622D152 /* SigningIdentity.swift */; };
/* End PBXBuildFile section */

/* Begin PBXContainerItemProxy section */
		B1CDC977862BA22B4CF3B6BA /* PBXContainerItemProxy */ = {
			isa = PBXContainerItemProxy;
			containerPortal = 6A8FBFC67195AF5FE641609F /* Project object */;
			proxyType = 1;
			remoteGlobalIDString = 1B58916F53AB9FF090F1ECFD;
			remoteInfo = GPClientHelper;
		};
/* End PBXContainerItemProxy section */

/* Begin PBXCopyFilesBuildPhase section */
		1B37F12E545FA40A693B94F5 /* CopyFiles */ = {
			isa = PBXCopyFilesBuildPhase;
			buildActionMask = 2147483647;
			dstPath = Contents/Library/LaunchDaemons;
			dstSubfolderSpec = 1;
			files = (
				EDA982257DB91839414811BF /* com.beelte.gpclient.helper.plist in CopyFiles */,
			);
			runOnlyForDeploymentPostprocessing = 0;
		};
		E79DF1CC1B368F5167746F33 /* Embed Dependencies */ = {
			isa = PBXCopyFilesBuildPhase;
			buildActionMask = 2147483647;
			dstPath = "";
			dstSubfolderSpec = 6;
			files = (
				3AD8BDDE75D74D8EDC1F9AD1 /* GPClientHelper in Embed Dependencies */,
			);
			name = "Embed Dependencies";
			runOnlyForDeploymentPostprocessing = 0;
		};
/* End PBXCopyFilesBuildPhase section */

/* Begin PBXFileReference section */
		03B5B49D769E8C1838D5DAD0 /* GPClientApp.swift */ = {isa = PBXFileReference; lastKnownFileType = sourcecode.swift; path = GPClientApp.swift; sourceTree = "<group>"; };
		16EFE3492477F91F1A0B0A89 /* com.beelte.gpclient.helper.plist */ = {isa = PBXFileReference; lastKnownFileType = text.plist; path = com.beelte.gpclient.helper.plist; sourceTree = "<group>"; };
		203B2F7A2A45018DA1A5D456 /* SessionController.swift */ = {isa = PBXFileReference; lastKnownFileType = sourcecode.swift; path = SessionController.swift; sourceTree = "<group>"; };
		2885CBCF660525742BDD048B /* ConnectionPath.swift */ = {isa = PBXFileReference; lastKnownFileType = sourcecode.swift; path = ConnectionPath.swift; sourceTree = "<group>"; };
		408CCA4C962B1D4D058C45DC /* SecureRuntime.swift */ = {isa = PBXFileReference; lastKnownFileType = sourcecode.swift; path = SecureRuntime.swift; sourceTree = "<group>"; };
		455433C232A6812FCFF3F4B6 /* Assets.xcassets */ = {isa = PBXFileReference; lastKnownFileType = folder.assetcatalog; path = Assets.xcassets; sourceTree = "<group>"; };
		4BABCEC08348B36BCE54745D /* GPClientHelper */ = {isa = PBXFileReference; includeInIndex = 0; path = GPClientHelper; sourceTree = BUILT_PRODUCTS_DIR; };
		4DDB7AAAEB1D9F27EF6168AD /* SignInView.swift */ = {isa = PBXFileReference; lastKnownFileType = sourcecode.swift; path = SignInView.swift; sourceTree = "<group>"; };
		60A9AF06A168590992DB32D7 /* HelperClient.swift */ = {isa = PBXFileReference; lastKnownFileType = sourcecode.swift; path = HelperClient.swift; sourceTree = "<group>"; };
		80B148EF85858CCBEB36804A /* AuthenticationCoordinator.swift */ = {isa = PBXFileReference; lastKnownFileType = sourcecode.swift; path = AuthenticationCoordinator.swift; sourceTree = "<group>"; };
		80E2B0DA154DAFEE716E4786 /* PrivacyInfo.xcprivacy */ = {isa = PBXFileReference; path = PrivacyInfo.xcprivacy; sourceTree = "<group>"; };
		8AD9EE334FC6F2F2BD210DBF /* HelperProtocol.swift */ = {isa = PBXFileReference; lastKnownFileType = sourcecode.swift; path = HelperProtocol.swift; sourceTree = "<group>"; };
		968C5DF8AF531223EAAB9401 /* ConnectionSettings.swift */ = {isa = PBXFileReference; lastKnownFileType = sourcecode.swift; path = ConnectionSettings.swift; sourceTree = "<group>"; };
		A2EDBC3F74AEBC5CB8271663 /* Info.plist */ = {isa = PBXFileReference; lastKnownFileType = text.plist; path = Info.plist; sourceTree = "<group>"; };
		AD3BA53CB94EB9B8A6FB522C /* GPClient.app */ = {isa = PBXFileReference; explicitFileType = wrapper.application; includeInIndex = 0; path = GPClient.app; sourceTree = BUILT_PRODUCTS_DIR; };
		B3803294312E076C9820CC55 /* ConnectionPanel.swift */ = {isa = PBXFileReference; lastKnownFileType = sourcecode.swift; path = ConnectionPanel.swift; sourceTree = "<group>"; };
		C89E38348711A067D3151B59 /* ConnectionPreferences.swift */ = {isa = PBXFileReference; lastKnownFileType = sourcecode.swift; path = ConnectionPreferences.swift; sourceTree = "<group>"; };
		CAE9575347658BECD622D152 /* SigningIdentity.swift */ = {isa = PBXFileReference; lastKnownFileType = sourcecode.swift; path = SigningIdentity.swift; sourceTree = "<group>"; };
		D05F97771EE4EB0F9FE81BFF /* PortalAddress.swift */ = {isa = PBXFileReference; lastKnownFileType = sourcecode.swift; path = PortalAddress.swift; sourceTree = "<group>"; };
		D080E43C5CED9BACE170035C /* EngineMessages.swift */ = {isa = PBXFileReference; lastKnownFileType = sourcecode.swift; path = EngineMessages.swift; sourceTree = "<group>"; };
		D9A0F6C964653C81035DA4A0 /* NetworkSession.swift */ = {isa = PBXFileReference; lastKnownFileType = sourcecode.swift; path = NetworkSession.swift; sourceTree = "<group>"; };
		DC4C41654E383863A19A1538 /* HelperMain.swift */ = {isa = PBXFileReference; lastKnownFileType = sourcecode.swift; path = HelperMain.swift; sourceTree = "<group>"; };
		DCC0352654DF91C519F0CB44 /* ConnectionModel.swift */ = {isa = PBXFileReference; lastKnownFileType = sourcecode.swift; path = ConnectionModel.swift; sourceTree = "<group>"; };
		EBD0D7FA3D945D80856FFCBC /* Localizable.xcstrings */ = {isa = PBXFileReference; lastKnownFileType = text.json.xcstrings; path = Localizable.xcstrings; sourceTree = "<group>"; };
		F13A384F61657E130939E410 /* DiagnosticsView.swift */ = {isa = PBXFileReference; lastKnownFileType = sourcecode.swift; path = DiagnosticsView.swift; sourceTree = "<group>"; };
		F3202F43D4AE5D98A572351E /* MenuBarStatusIcon.swift */ = {isa = PBXFileReference; lastKnownFileType = sourcecode.swift; path = MenuBarStatusIcon.swift; sourceTree = "<group>"; };
/* End PBXFileReference section */

/* Begin PBXGroup section */
		0B798D15BCF40AB344F695F2 /* Services */ = {
			isa = PBXGroup;
			children = (
				80B148EF85858CCBEB36804A /* AuthenticationCoordinator.swift */,
				60A9AF06A168590992DB32D7 /* HelperClient.swift */,
			);
			path = Services;
			sourceTree = "<group>";
		};
		3F69E216AA0F8CF37F0223C0 /* Connection */ = {
			isa = PBXGroup;
			children = (
				DCC0352654DF91C519F0CB44 /* ConnectionModel.swift */,
				C89E38348711A067D3151B59 /* ConnectionPreferences.swift */,
			);
			path = Connection;
			sourceTree = "<group>";
		};
		503B5AE47B95E326979B0050 = {
			isa = PBXGroup;
			children = (
				DFBC56858619714B5E899D50 /* GPClient */,
				526DA6D9266228FC9E6EA069 /* GPClientHelper */,
				BAD019CBF53BACAF68F1648C /* LaunchDaemons */,
				A60BE020066100CC7656C15B /* Shared */,
				FC916E6C2B350ED7BB6440D0 /* Products */,
			);
			sourceTree = "<group>";
		};
		526DA6D9266228FC9E6EA069 /* GPClientHelper */ = {
			isa = PBXGroup;
			children = (
				DC4C41654E383863A19A1538 /* HelperMain.swift */,
				D9A0F6C964653C81035DA4A0 /* NetworkSession.swift */,
				408CCA4C962B1D4D058C45DC /* SecureRuntime.swift */,
				203B2F7A2A45018DA1A5D456 /* SessionController.swift */,
			);
			path = GPClientHelper;
			sourceTree = "<group>";
		};
		A25A26ED803C70B21EE38DA6 /* Views */ = {
			isa = PBXGroup;
			children = (
				B3803294312E076C9820CC55 /* ConnectionPanel.swift */,
				2885CBCF660525742BDD048B /* ConnectionPath.swift */,
				968C5DF8AF531223EAAB9401 /* ConnectionSettings.swift */,
				F13A384F61657E130939E410 /* DiagnosticsView.swift */,
				F3202F43D4AE5D98A572351E /* MenuBarStatusIcon.swift */,
				4DDB7AAAEB1D9F27EF6168AD /* SignInView.swift */,
			);
			path = Views;
			sourceTree = "<group>";
		};
		A60BE020066100CC7656C15B /* Shared */ = {
			isa = PBXGroup;
			children = (
				D080E43C5CED9BACE170035C /* EngineMessages.swift */,
				8AD9EE334FC6F2F2BD210DBF /* HelperProtocol.swift */,
				D05F97771EE4EB0F9FE81BFF /* PortalAddress.swift */,
				CAE9575347658BECD622D152 /* SigningIdentity.swift */,
			);
			path = Shared;
			sourceTree = "<group>";
		};
		AD4118642A9D402B62C718D7 /* Resources */ = {
			isa = PBXGroup;
			children = (
				455433C232A6812FCFF3F4B6 /* Assets.xcassets */,
				EBD0D7FA3D945D80856FFCBC /* Localizable.xcstrings */,
				80E2B0DA154DAFEE716E4786 /* PrivacyInfo.xcprivacy */,
			);
			path = Resources;
			sourceTree = "<group>";
		};
		BAD019CBF53BACAF68F1648C /* LaunchDaemons */ = {
			isa = PBXGroup;
			children = (
				16EFE3492477F91F1A0B0A89 /* com.beelte.gpclient.helper.plist */,
			);
			name = LaunchDaemons;
			path = Packaging/LaunchDaemons;
			sourceTree = "<group>";
		};
		DFBC56858619714B5E899D50 /* GPClient */ = {
			isa = PBXGroup;
			children = (
				A2EDBC3F74AEBC5CB8271663 /* Info.plist */,
				E4C25C8695D9BBC72E686B5E /* App */,
				3F69E216AA0F8CF37F0223C0 /* Connection */,
				AD4118642A9D402B62C718D7 /* Resources */,
				0B798D15BCF40AB344F695F2 /* Services */,
				A25A26ED803C70B21EE38DA6 /* Views */,
			);
			path = GPClient;
			sourceTree = "<group>";
		};
		E4C25C8695D9BBC72E686B5E /* App */ = {
			isa = PBXGroup;
			children = (
				03B5B49D769E8C1838D5DAD0 /* GPClientApp.swift */,
			);
			path = App;
			sourceTree = "<group>";
		};
		FC916E6C2B350ED7BB6440D0 /* Products */ = {
			isa = PBXGroup;
			children = (
				AD3BA53CB94EB9B8A6FB522C /* GPClient.app */,
				4BABCEC08348B36BCE54745D /* GPClientHelper */,
			);
			name = Products;
			sourceTree = "<group>";
		};
/* End PBXGroup section */

/* Begin PBXNativeTarget section */
		1B58916F53AB9FF090F1ECFD /* GPClientHelper */ = {
			isa = PBXNativeTarget;
			buildConfigurationList = 74456F45216198E4AE1A4CAD /* Build configuration list for PBXNativeTarget "GPClientHelper" */;
			buildPhases = (
				CE16EA4F42F7B7987E16B48A /* Sources */,
			);
			buildRules = (
			);
			dependencies = (
			);
			name = GPClientHelper;
			packageProductDependencies = (
			);
			productName = GPClientHelper;
			productReference = 4BABCEC08348B36BCE54745D /* GPClientHelper */;
			productType = "com.apple.product-type.tool";
		};
		61D9284B522177FD5FEB256E /* GPClient */ = {
			isa = PBXNativeTarget;
			buildConfigurationList = 331ACC13E916BCF764BA0DD1 /* Build configuration list for PBXNativeTarget "GPClient" */;
			buildPhases = (
				F763934082817FDAE0B137E5 /* Sources */,
				532738227BE26EA24D44B7A6 /* Resources */,
				1B37F12E545FA40A693B94F5 /* CopyFiles */,
				E79DF1CC1B368F5167746F33 /* Embed Dependencies */,
			);
			buildRules = (
			);
			dependencies = (
				E1BCBB2A94F369059F798291 /* PBXTargetDependency */,
			);
			name = GPClient;
			packageProductDependencies = (
			);
			productName = GPClient;
			productReference = AD3BA53CB94EB9B8A6FB522C /* GPClient.app */;
			productType = "com.apple.product-type.application";
		};
/* End PBXNativeTarget section */

/* Begin PBXProject section */
		6A8FBFC67195AF5FE641609F /* Project object */ = {
			isa = PBXProject;
			attributes = {
				BuildIndependentTargetsInParallel = YES;
				LastUpgradeCheck = 1430;
				TargetAttributes = {
					1B58916F53AB9FF090F1ECFD = {
						ProvisioningStyle = Manual;
					};
					61D9284B522177FD5FEB256E = {
						ProvisioningStyle = Manual;
					};
				};
			};
			buildConfigurationList = E6A6ABD7F7FA42EA8A5E9ECF /* Build configuration list for PBXProject "GPClient" */;
			developmentRegion = en;
			hasScannedForEncodings = 0;
			knownRegions = (
				Base,
				en,
			);
			mainGroup = 503B5AE47B95E326979B0050;
			minimizedProjectReferenceProxies = 1;
			preferredProjectObjectVersion = 77;
			productRefGroup = FC916E6C2B350ED7BB6440D0 /* Products */;
			projectDirPath = "";
			projectRoot = "";
			targets = (
				61D9284B522177FD5FEB256E /* GPClient */,
				1B58916F53AB9FF090F1ECFD /* GPClientHelper */,
			);
		};
/* End PBXProject section */

/* Begin PBXResourcesBuildPhase section */
		532738227BE26EA24D44B7A6 /* Resources */ = {
			isa = PBXResourcesBuildPhase;
			buildActionMask = 2147483647;
			files = (
				EE600ABD8DC811F3950A5CC9 /* Assets.xcassets in Resources */,
				0742D871FA4FBDEB8BCB3414 /* Localizable.xcstrings in Resources */,
				2BCA0B0C704D51201EEDA9D0 /* PrivacyInfo.xcprivacy in Resources */,
			);
			runOnlyForDeploymentPostprocessing = 0;
		};
/* End PBXResourcesBuildPhase section */

/* Begin PBXSourcesBuildPhase section */
		CE16EA4F42F7B7987E16B48A /* Sources */ = {
			isa = PBXSourcesBuildPhase;
			buildActionMask = 2147483647;
			files = (
				5A516C3A6A68AF8A9A68A50B /* EngineMessages.swift in Sources */,
				AD55019244707F0BCD44DDA5 /* HelperMain.swift in Sources */,
				0533875D8E30B78E60ED6042 /* HelperProtocol.swift in Sources */,
				3A8F14D276B1C17EAA73B4C7 /* NetworkSession.swift in Sources */,
				4CF154F407CAD821050B0EC5 /* PortalAddress.swift in Sources */,
				121D6EB86AEF85FC220636DB /* SecureRuntime.swift in Sources */,
				696CDF624757AD356D8FF6D8 /* SessionController.swift in Sources */,
				FD3BB1EF27BEF001784A5C3C /* SigningIdentity.swift in Sources */,
			);
			runOnlyForDeploymentPostprocessing = 0;
		};
		F763934082817FDAE0B137E5 /* Sources */ = {
			isa = PBXSourcesBuildPhase;
			buildActionMask = 2147483647;
			files = (
				2066D46730D30CD3B9534BFC /* AuthenticationCoordinator.swift in Sources */,
				230D8730B1E72A8C2E25329C /* ConnectionModel.swift in Sources */,
				3315FDEFF5CEC832DC9DDDD9 /* ConnectionPanel.swift in Sources */,
				B82CA0E6207F15310C09A59D /* ConnectionPath.swift in Sources */,
				341C2D686FAF55031125C119 /* ConnectionPreferences.swift in Sources */,
				7EAC62C28517C7308A4F563C /* ConnectionSettings.swift in Sources */,
				08248B73238F633098030ADB /* DiagnosticsView.swift in Sources */,
				C062076D6C6A575E8661FAD4 /* EngineMessages.swift in Sources */,
				5FAA15F83FC5B863859B5940 /* GPClientApp.swift in Sources */,
				EDE5D40CBABB08F75F6C5185 /* HelperClient.swift in Sources */,
				7C932B6ED6D681B255079661 /* HelperProtocol.swift in Sources */,
				A587594068DBC173DB2145A0 /* MenuBarStatusIcon.swift in Sources */,
				3AF75170AAA03161062782D6 /* PortalAddress.swift in Sources */,
				36BA6CBC14AEA5A9F98CF002 /* SignInView.swift in Sources */,
				1FA974DE13D74CB5B6D9DF78 /* SigningIdentity.swift in Sources */,
			);
			runOnlyForDeploymentPostprocessing = 0;
		};
/* End PBXSourcesBuildPhase section */

/* Begin PBXTargetDependency section */
		E1BCBB2A94F369059F798291 /* PBXTargetDependency */ = {
			isa = PBXTargetDependency;
			target = 1B58916F53AB9FF090F1ECFD /* GPClientHelper */;
			targetProxy = B1CDC977862BA22B4CF3B6BA /* PBXContainerItemProxy */;
		};
/* End PBXTargetDependency section */

/* Begin XCBuildConfiguration section */
		2A6C05D2C64B4AF78C4844D6 /* Debug */ = {
			isa = XCBuildConfiguration;
			buildSettings = {
				ALWAYS_SEARCH_USER_PATHS = NO;
				ARCHS = arm64;
				CLANG_ANALYZER_NONNULL = YES;
				CLANG_ANALYZER_NUMBER_OBJECT_CONVERSION = YES_AGGRESSIVE;
				CLANG_CXX_LANGUAGE_STANDARD = "gnu++14";
				CLANG_CXX_LIBRARY = "libc++";
				CLANG_ENABLE_MODULES = YES;
				CLANG_ENABLE_OBJC_ARC = YES;
				CLANG_ENABLE_OBJC_WEAK = YES;
				CLANG_WARN_BLOCK_CAPTURE_AUTORELEASING = YES;
				CLANG_WARN_BOOL_CONVERSION = YES;
				CLANG_WARN_COMMA = YES;
				CLANG_WARN_CONSTANT_CONVERSION = YES;
				CLANG_WARN_DEPRECATED_OBJC_IMPLEMENTATIONS = YES;
				CLANG_WARN_DIRECT_OBJC_ISA_USAGE = YES_ERROR;
				CLANG_WARN_DOCUMENTATION_COMMENTS = YES;
				CLANG_WARN_EMPTY_BODY = YES;
				CLANG_WARN_ENUM_CONVERSION = YES;
				CLANG_WARN_INFINITE_RECURSION = YES;
				CLANG_WARN_INT_CONVERSION = YES;
				CLANG_WARN_NON_LITERAL_NULL_CONVERSION = YES;
				CLANG_WARN_OBJC_IMPLICIT_RETAIN_SELF = YES;
				CLANG_WARN_OBJC_LITERAL_CONVERSION = YES;
				CLANG_WARN_OBJC_ROOT_CLASS = YES_ERROR;
				CLANG_WARN_QUOTED_INCLUDE_IN_FRAMEWORK_HEADER = YES;
				CLANG_WARN_RANGE_LOOP_ANALYSIS = YES;
				CLANG_WARN_STRICT_PROTOTYPES = YES;
				CLANG_WARN_SUSPICIOUS_MOVE = YES;
				CLANG_WARN_UNGUARDED_AVAILABILITY = YES_AGGRESSIVE;
				CLANG_WARN_UNREACHABLE_CODE = YES;
				CLANG_WARN__DUPLICATE_METHOD_MATCH = YES;
				CODE_SIGN_INJECT_BASE_ENTITLEMENTS = NO;
				CODE_SIGN_STYLE = Manual;
				COPY_PHASE_STRIP = NO;
				CURRENT_PROJECT_VERSION = 1;
				DEBUG_INFORMATION_FORMAT = dwarf;
				ENABLE_HARDENED_RUNTIME = YES;
				ENABLE_STRICT_OBJC_MSGSEND = YES;
				ENABLE_TESTABILITY = YES;
				ENABLE_USER_SCRIPT_SANDBOXING = YES;
				GCC_C_LANGUAGE_STANDARD = gnu11;
				GCC_DYNAMIC_NO_PIC = NO;
				GCC_NO_COMMON_BLOCKS = YES;
				GCC_OPTIMIZATION_LEVEL = 0;
				GCC_PREPROCESSOR_DEFINITIONS = (
					"$(inherited)",
					"DEBUG=1",
				);
				GCC_WARN_64_TO_32_BIT_CONVERSION = YES;
				GCC_WARN_ABOUT_RETURN_TYPE = YES_ERROR;
				GCC_WARN_UNDECLARED_SELECTOR = YES;
				GCC_WARN_UNINITIALIZED_AUTOS = YES_AGGRESSIVE;
				GCC_WARN_UNUSED_FUNCTION = YES;
				GCC_WARN_UNUSED_VARIABLE = YES;
				GENERATE_INFOPLIST_FILE = NO;
				MACOSX_DEPLOYMENT_TARGET = 26.0;
				MARKETING_VERSION = 0.1.0;
				MTL_ENABLE_DEBUG_INFO = INCLUDE_SOURCE;
				MTL_FAST_MATH = YES;
				ONLY_ACTIVE_ARCH = YES;
				PRODUCT_NAME = "$(TARGET_NAME)";
				SDKROOT = macosx;
				SWIFT_ACTIVE_COMPILATION_CONDITIONS = DEBUG;
				SWIFT_EMIT_LOC_STRINGS = YES;
				SWIFT_OPTIMIZATION_LEVEL = "-Onone";
				SWIFT_STRICT_CONCURRENCY = complete;
				SWIFT_VERSION = 6.0;
			};
			name = Debug;
		};
		81CF1EB383F7C7741F2BCBA2 /* Release */ = {
			isa = XCBuildConfiguration;
			buildSettings = {
				ALWAYS_SEARCH_USER_PATHS = NO;
				ARCHS = arm64;
				CLANG_ANALYZER_NONNULL = YES;
				CLANG_ANALYZER_NUMBER_OBJECT_CONVERSION = YES_AGGRESSIVE;
				CLANG_CXX_LANGUAGE_STANDARD = "gnu++14";
				CLANG_CXX_LIBRARY = "libc++";
				CLANG_ENABLE_MODULES = YES;
				CLANG_ENABLE_OBJC_ARC = YES;
				CLANG_ENABLE_OBJC_WEAK = YES;
				CLANG_WARN_BLOCK_CAPTURE_AUTORELEASING = YES;
				CLANG_WARN_BOOL_CONVERSION = YES;
				CLANG_WARN_COMMA = YES;
				CLANG_WARN_CONSTANT_CONVERSION = YES;
				CLANG_WARN_DEPRECATED_OBJC_IMPLEMENTATIONS = YES;
				CLANG_WARN_DIRECT_OBJC_ISA_USAGE = YES_ERROR;
				CLANG_WARN_DOCUMENTATION_COMMENTS = YES;
				CLANG_WARN_EMPTY_BODY = YES;
				CLANG_WARN_ENUM_CONVERSION = YES;
				CLANG_WARN_INFINITE_RECURSION = YES;
				CLANG_WARN_INT_CONVERSION = YES;
				CLANG_WARN_NON_LITERAL_NULL_CONVERSION = YES;
				CLANG_WARN_OBJC_IMPLICIT_RETAIN_SELF = YES;
				CLANG_WARN_OBJC_LITERAL_CONVERSION = YES;
				CLANG_WARN_OBJC_ROOT_CLASS = YES_ERROR;
				CLANG_WARN_QUOTED_INCLUDE_IN_FRAMEWORK_HEADER = YES;
				CLANG_WARN_RANGE_LOOP_ANALYSIS = YES;
				CLANG_WARN_STRICT_PROTOTYPES = YES;
				CLANG_WARN_SUSPICIOUS_MOVE = YES;
				CLANG_WARN_UNGUARDED_AVAILABILITY = YES_AGGRESSIVE;
				CLANG_WARN_UNREACHABLE_CODE = YES;
				CLANG_WARN__DUPLICATE_METHOD_MATCH = YES;
				CODE_SIGN_INJECT_BASE_ENTITLEMENTS = NO;
				CODE_SIGN_STYLE = Manual;
				COPY_PHASE_STRIP = NO;
				CURRENT_PROJECT_VERSION = 1;
				DEBUG_INFORMATION_FORMAT = "dwarf-with-dsym";
				ENABLE_HARDENED_RUNTIME = YES;
				ENABLE_NS_ASSERTIONS = NO;
				ENABLE_STRICT_OBJC_MSGSEND = YES;
				ENABLE_USER_SCRIPT_SANDBOXING = YES;
				GCC_C_LANGUAGE_STANDARD = gnu11;
				GCC_NO_COMMON_BLOCKS = YES;
				GCC_WARN_64_TO_32_BIT_CONVERSION = YES;
				GCC_WARN_ABOUT_RETURN_TYPE = YES_ERROR;
				GCC_WARN_UNDECLARED_SELECTOR = YES;
				GCC_WARN_UNINITIALIZED_AUTOS = YES_AGGRESSIVE;
				GCC_WARN_UNUSED_FUNCTION = YES;
				GCC_WARN_UNUSED_VARIABLE = YES;
				GENERATE_INFOPLIST_FILE = NO;
				MACOSX_DEPLOYMENT_TARGET = 26.0;
				MARKETING_VERSION = 0.1.0;
				MTL_ENABLE_DEBUG_INFO = NO;
				MTL_FAST_MATH = YES;
				PRODUCT_NAME = "$(TARGET_NAME)";
				SDKROOT = macosx;
				SWIFT_COMPILATION_MODE = wholemodule;
				SWIFT_EMIT_LOC_STRINGS = YES;
				SWIFT_OPTIMIZATION_LEVEL = "-O";
				SWIFT_STRICT_CONCURRENCY = complete;
				SWIFT_VERSION = 6.0;
			};
			name = Release;
		};
		A9C1243EDE8B545FCC4EF4A9 /* Debug */ = {
			isa = XCBuildConfiguration;
			buildSettings = {
				COMBINE_HIDPI_IMAGES = YES;
				CREATE_INFOPLIST_SECTION_IN_BINARY = YES;
				GENERATE_INFOPLIST_FILE = YES;
				LD_RUNPATH_SEARCH_PATHS = (
					"$(inherited)",
					"@executable_path/../Frameworks",
				);
				PRODUCT_BUNDLE_IDENTIFIER = com.beelte.gpclient.helper;
				SDKROOT = macosx;
				SKIP_INSTALL = YES;
			};
			name = Debug;
		};
		B9004AA01F09759934E0B88C /* Debug */ = {
			isa = XCBuildConfiguration;
			buildSettings = {
				ASSETCATALOG_COMPILER_APPICON_NAME = AppIcon;
				COMBINE_HIDPI_IMAGES = YES;
				INFOPLIST_FILE = GPClient/Info.plist;
				LD_RUNPATH_SEARCH_PATHS = (
					"$(inherited)",
					"@executable_path/../Frameworks",
				);
				PRODUCT_BUNDLE_IDENTIFIER = com.beelte.gpclient;
				SDKROOT = macosx;
			};
			name = Debug;
		};
		C68582E8FA263CC46D5A4D55 /* Release */ = {
			isa = XCBuildConfiguration;
			buildSettings = {
				ASSETCATALOG_COMPILER_APPICON_NAME = AppIcon;
				COMBINE_HIDPI_IMAGES = YES;
				INFOPLIST_FILE = GPClient/Info.plist;
				LD_RUNPATH_SEARCH_PATHS = (
					"$(inherited)",
					"@executable_path/../Frameworks",
				);
				PRODUCT_BUNDLE_IDENTIFIER = com.beelte.gpclient;
				SDKROOT = macosx;
			};
			name = Release;
		};
		EAF8D2020EFF695ABEF4FEDA /* Release */ = {
			isa = XCBuildConfiguration;
			buildSettings = {
				COMBINE_HIDPI_IMAGES = YES;
				CREATE_INFOPLIST_SECTION_IN_BINARY = YES;
				GENERATE_INFOPLIST_FILE = YES;
				LD_RUNPATH_SEARCH_PATHS = (
					"$(inherited)",
					"@executable_path/../Frameworks",
				);
				PRODUCT_BUNDLE_IDENTIFIER = com.beelte.gpclient.helper;
				SDKROOT = macosx;
				SKIP_INSTALL = YES;
			};
			name = Release;
		};
/* End XCBuildConfiguration section */

/* Begin XCConfigurationList section */
		331ACC13E916BCF764BA0DD1 /* Build configuration list for PBXNativeTarget "GPClient" */ = {
			isa = XCConfigurationList;
			buildConfigurations = (
				B9004AA01F09759934E0B88C /* Debug */,
				C68582E8FA263CC46D5A4D55 /* Release */,
			);
			defaultConfigurationIsVisible = 0;
			defaultConfigurationName = Debug;
		};
		74456F45216198E4AE1A4CAD /* Build configuration list for PBXNativeTarget "GPClientHelper" */ = {
			isa = XCConfigurationList;
			buildConfigurations = (
				A9C1243EDE8B545FCC4EF4A9 /* Debug */,
				EAF8D2020EFF695ABEF4FEDA /* Release */,
			);
			defaultConfigurationIsVisible = 0;
			defaultConfigurationName = Debug;
		};
		E6A6ABD7F7FA42EA8A5E9ECF /* Build configuration list for PBXProject "GPClient" */ = {
			isa = XCConfigurationList;
			buildConfigurations = (
				2A6C05D2C64B4AF78C4844D6 /* Debug */,
				81CF1EB383F7C7741F2BCBA2 /* Release */,
			);
			defaultConfigurationIsVisible = 0;
			defaultConfigurationName = Debug;
		};
/* End XCConfigurationList section */
	};
	rootObject = 6A8FBFC67195AF5FE641609F /* Project object */;
}
